
Microsoft Visual Studio Solution File, Format Version 12.00
# Visual Studio 15
VisualStudioVersion = 15.0.26730.0
MinimumVisualStudioVersion = 10.0.40219.1
Project("{9A19103F-16F7-4668-BE54-9A1E7A4F7556}") = "Fitbit.NetCore", "..\Fitbit.NetCore\Fitbit.NetCore.csproj", "{81F4F528-0E81-49E0-A2B2-ED77495A9C15}"
EndProject
Project("{9A19103F-16F7-4668-BE54-9A1E7A4F7556}") = "Fitbit.NetCore.Tests.NetCoreApp", "..\Fitbit.NetCore.Tests.NetCoreApp\Fitbit.NetCore.Tests.NetCoreApp.csproj", "{CC7358B0-3971-4BEB-B47D-7AC4599CD77F}"
EndProject
Global
	GlobalSection(SolutionConfigurationPlatforms) = preSolution
		Debug|Any CPU = Debug|Any CPU
		Release|Any CPU = Release|Any CPU
	EndGlobalSection
	GlobalSection(ProjectConfigurationPlatforms) = postSolution
		{81F4F528-0E81-49E0-A2B2-ED77495A9C15}.Debug|Any CPU.ActiveCfg = Debug|Any CPU
		{81F4F528-0E81-49E0-A2B2-ED77495A9C15}.Debug|Any CPU.Build.0 = Debug|Any CPU
		{81F4F528-0E81-49E0-A2B2-ED77495A9C15}.Release|Any CPU.ActiveCfg = Release|Any CPU
		{81F4F528-0E81-49E0-A2B2-ED77495A9C15}.Release|Any CPU.Build.0 = Release|Any CPU
		{CC7358B0-3971-4BEB-B47D-7AC4599CD77F}.Debug|Any CPU.ActiveCfg = Debug|Any CPU
		{CC7358B0-3971-4BEB-B47D-7AC4599CD77F}.Debug|Any CPU.Build.0 = Debug|Any CPU
		{CC7358B0-3971-4BEB-B47D-7AC4599CD77F}.Release|Any CPU.ActiveCfg = Release|Any CPU
		{CC7358B0-3971-4BEB-B47D-7AC4599CD77F}.Release|Any CPU.Build.0 = Release|Any CPU
	EndGlobalSection
	GlobalSection(SolutionProperties) = preSolution
		HideSolutionNode = FALSE
	EndGlobalSection
	GlobalSection(ExtensibilityGlobals) = postSolution
		SolutionGuid = {9DC6189B-479C-49B5-85B9-BD23083BC667}
	EndGlobalSection
EndGlobal
