
Microsoft Visual Studio Solution File, Format Version 12.00
# Visual Studio Version 16
VisualStudioVersion = 16.0.28407.52
MinimumVisualStudioVersion = 10.0.40219.1
Project("{FAE04EC0-301F-11D3-BF4B-00C04F79EFBC}") = "SampleWebApplication", "SampleWebApplication\SampleWebApplication.csproj", "{61C8AD29-A128-442E-BF0B-539A990B15C7}"
EndProject
Project("{9A19103F-16F7-4668-BE54-9A1E7A4F7556}") = "Fitbit.Portable", "..\Fitbit.Portable\Fitbit.Portable.csproj", "{175CE4EC-A706-45F0-BCA8-BC909C30E753}"
EndProject
Global
	GlobalSection(SolutionConfigurationPlatforms) = preSolution
		Debug|Any CPU = Debug|Any CPU
		Release|Any CPU = Release|Any CPU
	EndGlobalSection
	GlobalSection(ProjectConfigurationPlatforms) = postSolution
		{61C8AD29-A128-442E-BF0B-539A990B15C7}.Debug|Any CPU.ActiveCfg = Debug|Any CPU
		{61C8AD29-A128-442E-BF0B-539A990B15C7}.Debug|Any CPU.Build.0 = Debug|Any CPU
		{61C8AD29-A128-442E-BF0B-539A990B15C7}.Release|Any CPU.ActiveCfg = Release|Any CPU
		{61C8AD29-A128-442E-BF0B-539A990B15C7}.Release|Any CPU.Build.0 = Release|Any CPU
		{175CE4EC-A706-45F0-BCA8-BC909C30E753}.Debug|Any CPU.ActiveCfg = Debug|Any CPU
		{175CE4EC-A706-45F0-BCA8-BC909C30E753}.Debug|Any CPU.Build.0 = Debug|Any CPU
		{175CE4EC-A706-45F0-BCA8-BC909C30E753}.Release|Any CPU.ActiveCfg = Release|Any CPU
		{175CE4EC-A706-45F0-BCA8-BC909C30E753}.Release|Any CPU.Build.0 = Release|Any CPU
	EndGlobalSection
	GlobalSection(SolutionProperties) = preSolution
		HideSolutionNode = FALSE
	EndGlobalSection
	GlobalSection(ExtensibilityGlobals) = postSolution
		SolutionGuid = {52C8BB3F-098C-485B-AC45-47E7AAE953C1}
	EndGlobalSection
EndGlobal
